
Microsoft Visual Studio Solution File, Format Version 11.00
# Visual Studio 2010
Project("{FAE04EC0-301F-11D3-BF4B-00C04F79EFBC}") = "Tutorial_2_Fall_2017", "Assembly-CSharp.csproj", "{B187595B-C13C-B0C8-ABEB-AEF698C09403}"
EndProject
Global
	GlobalSection(SolutionConfigurationPlatforms) = preSolution
		Debug|Any CPU = Debug|Any CPU
		Release|Any CPU = Release|Any CPU
	EndGlobalSection
	GlobalSection(ProjectConfigurationPlatforms) = postSolution
		{B187595B-C13C-B0C8-ABEB-AEF698C09403}.Debug|Any CPU.ActiveCfg = Debug|Any CPU
		{B187595B-C13C-B0C8-ABEB-AEF698C09403}.Debug|Any CPU.Build.0 = Debug|Any CPU
		{B187595B-C13C-B0C8-ABEB-AEF698C09403}.Release|Any CPU.ActiveCfg = Release|Any CPU
		{B187595B-C13C-B0C8-ABEB-AEF698C09403}.Release|Any CPU.Build.0 = Release|Any CPU
	EndGlobalSection
	GlobalSection(SolutionProperties) = preSolution
		HideSolutionNode = FALSE
	EndGlobalSection
	GlobalSection(MonoDevelopProperties) = preSolution
		StartupItem = Assembly-CSharp.csproj
	EndGlobalSection
EndGlobal
